
Microsoft Visual Studio Solution File, Format Version 12.00
# Visual Studio 14
VisualStudioVersion = 14.0.25420.1
MinimumVisualStudioVersion = 10.0.40219.1
Project("{FAE04EC0-301F-11D3-BF4B-00C04F79EFBC}") = "ClientWeb", "ClientWeb\ClientWeb.csproj", "{CCC943BA-AC20-4824-BB27-023496DBE6CB}"
EndProject
Global
	GlobalSection(SolutionConfigurationPlatforms) = preSolution
		Debug|Any CPU = Debug|Any CPU
		Release|Any CPU = Release|Any CPU
	EndGlobalSection
	GlobalSection(ProjectConfigurationPlatforms) = postSolution
		{CCC943BA-AC20-4824-BB27-023496DBE6CB}.Debug|Any CPU.ActiveCfg = Debug|Any CPU
		{CCC943BA-AC20-4824-BB27-023496DBE6CB}.Debug|Any CPU.Build.0 = Debug|Any CPU
		{CCC943BA-AC20-4824-BB27-023496DBE6CB}.Release|Any CPU.ActiveCfg = Release|Any CPU
		{CCC943BA-AC20-4824-BB27-023496DBE6CB}.Release|Any CPU.Build.0 = Release|Any CPU
	EndGlobalSection
	GlobalSection(SolutionProperties) = preSolution
		HideSolutionNode = FALSE
	EndGlobalSection
	GlobalSection(TeamFoundationVersionControl) = preSolution
		SccNumberOfProjects = 2
		SccEnterpriseProvider = {4CA58AB2-18FA-4F8D-95D4-32DDF27D184C}
		SccTeamFoundationServer = https://3millpark.visualstudio.com/
		SccLocalPath0 = .
		SccProjectUniqueName1 = ClientWeb\\ClientWeb.csproj
		SccProjectName1 = ClientWeb
		SccLocalPath1 = ClientWeb
	EndGlobalSection
EndGlobal
